
Microsoft Visual Studio Solution File, Format Version 12.00
# Visual Studio Version 16
VisualStudioVersion = 16.0.31424.327
MinimumVisualStudioVersion = 10.0.40219.1
Project("{2150E333-8FDC-42A3-9474-1A3956D46DE8}") = "Services", "Services", "{70ED0BBC-4519-4D05-8944-2F1FA4AD2A41}"
EndProject
Project("{2150E333-8FDC-42A3-9474-1A3956D46DE8}") = "Catalog", "Catalog", "{7993096F-8A28-4EC4-8ABF-D828398B663E}"
EndProject
Project("{FAE04EC0-301F-11D3-BF4B-00C04F79EFBC}") = "Catalog.API", "Services\Catalog\catalog.API\Catalog.API.csproj", "{4EE2602B-042E-40E2-9AA1-8CE9675E39B7}"
EndProject
Global
	GlobalSection(SolutionConfigurationPlatforms) = preSolution
		Debug|Any CPU = Debug|Any CPU
		Release|Any CPU = Release|Any CPU
	EndGlobalSection
	GlobalSection(ProjectConfigurationPlatforms) = postSolution
		{4EE2602B-042E-40E2-9AA1-8CE9675E39B7}.Debug|Any CPU.ActiveCfg = Debug|Any CPU
		{4EE2602B-042E-40E2-9AA1-8CE9675E39B7}.Debug|Any CPU.Build.0 = Debug|Any CPU
		{4EE2602B-042E-40E2-9AA1-8CE9675E39B7}.Release|Any CPU.ActiveCfg = Release|Any CPU
		{4EE2602B-042E-40E2-9AA1-8CE9675E39B7}.Release|Any CPU.Build.0 = Release|Any CPU
	EndGlobalSection
	GlobalSection(SolutionProperties) = preSolution
		HideSolutionNode = FALSE
	EndGlobalSection
	GlobalSection(NestedProjects) = preSolution
		{7993096F-8A28-4EC4-8ABF-D828398B663E} = {70ED0BBC-4519-4D05-8944-2F1FA4AD2A41}
		{4EE2602B-042E-40E2-9AA1-8CE9675E39B7} = {7993096F-8A28-4EC4-8ABF-D828398B663E}
	EndGlobalSection
	GlobalSection(ExtensibilityGlobals) = postSolution
		SolutionGuid = {888F33B4-AAE8-4276-A111-3F01600CC6D1}
	EndGlobalSection
EndGlobal
